// !$*UTF8*$!
{
	archiveVersion = 1;
	classes = {
	};
	objectVersion = 46;
	objects = {

/* Begin PBXBuildFile section */
		557AC57914864F4300057E50 /* Cocoa.framework in Frameworks */ = {isa = PBXBuildFile; fileRef = 557AC57814864F4300057E50 /* Cocoa.framework */; };
		557AC58314864F4300057E50 /* InfoPlist.strings in Resources */ = {isa = PBXBuildFile; fileRef = 557AC58114864F4300057E50 /* InfoPlist.strings */; };
		557AC58514864F4300057E50 /* main.m in Sources */ = {isa = PBXBuildFile; fileRef = 557AC58414864F4300057E50 /* main.m */; };
		557AC58914864F4300057E50 /* Credits.rtf in Resources */ = {isa = PBXBuildFile; fileRef = 557AC58714864F4300057E50 /* Credits.rtf */; };
		557AC58C14864F4300057E50 /* AppDelegate.m in Sources */ = {isa = PBXBuildFile; fileRef = 557AC58B14864F4300057E50 /* AppDelegate.m */; };
		557AC58F14864F4300057E50 /* MainMenu.xib in Resources */ = {isa = PBXBuildFile; fileRef = 557AC58D14864F4300057E50 /* MainMenu.xib */; };
/* End PBXBuildFile section */

/* Begin PBXFileReference section */
		557AC57414864F4300057E50 /* KeyValueObserving.app */ = {isa = PBXFileReference; explicitFileType = wrapper.application; includeInIndex = 0; path = KeyValueObserving.app; sourceTree = BUILT_PRODUCTS_DIR; };
		557AC57814864F4300057E50 /* Cocoa.framework */ = {isa = PBXFileReference; lastKnownFileType = wrapper.framework; name = Cocoa.framework; path = System/Library/Frameworks/Cocoa.framework; sourceTree = SDKROOT; };
		557AC57B14864F4300057E50 /* AppKit.framework */ = {isa = PBXFileReference; lastKnownFileType = wrapper.framework; name = AppKit.framework; path = System/Library/Frameworks/AppKit.framework; sourceTree = SDKROOT; };
		557AC57C14864F4300057E50 /* CoreData.framework */ = {isa = PBXFileReference; lastKnownFileType = wrapper.framework; name = CoreData.framework; path = System/Library/Frameworks/CoreData.framework; sourceTree = SDKROOT; };
		557AC57D14864F4300057E50 /* Foundation.framework */ = {isa = PBXFileReference; lastKnownFileType = wrapper.framework; name = Foundation.framework; path = System/Library/Frameworks/Foundation.framework; sourceTree = SDKROOT; };
		557AC58014864F4300057E50 /* KeyValueObserving-Info.plist */ = {isa = PBXFileReference; lastKnownFileType = text.plist.xml; path = "KeyValueObserving-Info.plist"; sourceTree = "<group>"; };
		557AC58214864F4300057E50 /* en */ = {isa = PBXFileReference; lastKnownFileType = text.plist.strings; name = en; path = en.lproj/InfoPlist.strings; sourceTree = "<group>"; };
		557AC58414864F4300057E50 /* main.m */ = {isa = PBXFileReference; lastKnownFileType = sourcecode.c.objc; path = main.m; sourceTree = "<group>"; };
		557AC58614864F4300057E50 /* KeyValueObserving-Prefix.pch */ = {isa = PBXFileReference; lastKnownFileType = sourcecode.c.h; path = "KeyValueObserving-Prefix.pch"; sourceTree = "<group>"; };
		557AC58814864F4300057E50 /* en */ = {isa = PBXFileReference; lastKnownFileType = text.rtf; name = en; path = en.lproj/Credits.rtf; sourceTree = "<group>"; };
		557AC58A14864F4300057E50 /* AppDelegate.h */ = {isa = PBXFileReference; lastKnownFileType = sourcecode.c.h; path = AppDelegate.h; sourceTree = "<group>"; };
		557AC58B14864F4300057E50 /* AppDelegate.m */ = {isa = PBXFileReference; lastKnownFileType = sourcecode.c.objc; path = AppDelegate.m; sourceTree = "<group>"; };
		557AC58E14864F4300057E50 /* en */ = {isa = PBXFileReference; lastKnownFileType = file.xib; name = en; path = en.lproj/MainMenu.xib; sourceTree = "<group>"; };
/* End PBXFileReference section */

/* Begin PBXFrameworksBuildPhase section */
		557AC57114864F4300057E50 /* Frameworks */ = {
			isa = PBXFrameworksBuildPhase;
			buildActionMask = 2147483647;
			files = (
				557AC57914864F4300057E50 /* Cocoa.framework in Frameworks */,
			);
			runOnlyForDeploymentPostprocessing = 0;
		};
/* End PBXFrameworksBuildPhase section */

/* Begin PBXGroup section */
		557AC56914864F4300057E50 = {
			isa = PBXGroup;
			children = (
				557AC57E14864F4300057E50 /* KeyValueObserving */,
				557AC57714864F4300057E50 /* Frameworks */,
				557AC57514864F4300057E50 /* Products */,
			);
			sourceTree = "<group>";
		};
		557AC57514864F4300057E50 /* Products */ = {
			isa = PBXGroup;
			children = (
				557AC57414864F4300057E50 /* KeyValueObserving.app */,
			);
			name = Products;
			sourceTree = "<group>";
		};
		557AC57714864F4300057E50 /* Frameworks */ = {
			isa = PBXGroup;
			children = (
				557AC57814864F4300057E50 /* Cocoa.framework */,
				557AC57A14864F4300057E50 /* Other Frameworks */,
			);
			name = Frameworks;
			sourceTree = "<group>";
		};
		557AC57A14864F4300057E50 /* Other Frameworks */ = {
			isa = PBXGroup;
			children = (
				557AC57B14864F4300057E50 /* AppKit.framework */,
				557AC57C14864F4300057E50 /* CoreData.framework */,
				557AC57D14864F4300057E50 /* Foundation.framework */,
			);
			name = "Other Frameworks";
			sourceTree = "<group>";
		};
		557AC57E14864F4300057E50 /* KeyValueObserving */ = {
			isa = PBXGroup;
			children = (
				557AC58A14864F4300057E50 /* AppDelegate.h */,
				557AC58B14864F4300057E50 /* AppDelegate.m */,
				557AC58D14864F4300057E50 /* MainMenu.xib */,
				557AC57F14864F4300057E50 /* Supporting Files */,
			);
			path = KeyValueObserving;
			sourceTree = "<group>";
		};
		557AC57F14864F4300057E50 /* Supporting Files */ = {
			isa = PBXGroup;
			children = (
				557AC58014864F4300057E50 /* KeyValueObserving-Info.plist */,
				557AC58114864F4300057E50 /* InfoPlist.strings */,
				557AC58414864F4300057E50 /* main.m */,
				557AC58614864F4300057E50 /* KeyValueObserving-Prefix.pch */,
				557AC58714864F4300057E50 /* Credits.rtf */,
			);
			name = "Supporting Files";
			sourceTree = "<group>";
		};
/* End PBXGroup section */

/* Begin PBXNativeTarget section */
		557AC57314864F4300057E50 /* KeyValueObserving */ = {
			isa = PBXNativeTarget;
			buildConfigurationList = 557AC59214864F4300057E50 /* Build configuration list for PBXNativeTarget "KeyValueObserving" */;
			buildPhases = (
				557AC57014864F4300057E50 /* Sources */,
				557AC57114864F4300057E50 /* Frameworks */,
				557AC57214864F4300057E50 /* Resources */,
			);
			buildRules = (
			);
			dependencies = (
			);
			name = KeyValueObserving;
			productName = KeyValueObserving;
			productReference = 557AC57414864F4300057E50 /* KeyValueObserving.app */;
			productType = "com.apple.product-type.application";
		};
/* End PBXNativeTarget section */

/* Begin PBXProject section */
		557AC56B14864F4300057E50 /* Project object */ = {
			isa = PBXProject;
			attributes = {
				LastUpgradeCheck = 0420;
			};
			buildConfigurationList = 557AC56E14864F4300057E50 /* Build configuration list for PBXProject "KeyValueObserving" */;
			compatibilityVersion = "Xcode 3.2";
			developmentRegion = English;
			hasScannedForEncodings = 0;
			knownRegions = (
				en,
			);
			mainGroup = 557AC56914864F4300057E50;
			productRefGroup = 557AC57514864F4300057E50 /* Products */;
			projectDirPath = "";
			projectRoot = "";
			targets = (
				557AC57314864F4300057E50 /* KeyValueObserving */,
			);
		};
/* End PBXProject section */

/* Begin PBXResourcesBuildPhase section */
		557AC57214864F4300057E50 /* Resources */ = {
			isa = PBXResourcesBuildPhase;
			buildActionMask = 2147483647;
			files = (
				557AC58314864F4300057E50 /* InfoPlist.strings in Resources */,
				557AC58914864F4300057E50 /* Credits.rtf in Resources */,
				557AC58F14864F4300057E50 /* MainMenu.xib in Resources */,
			);
			runOnlyForDeploymentPostprocessing = 0;
		};
/* End PBXResourcesBuildPhase section */

/* Begin PBXSourcesBuildPhase section */
		557AC57014864F4300057E50 /* Sources */ = {
			isa = PBXSourcesBuildPhase;
			buildActionMask = 2147483647;
			files = (
				557AC58514864F4300057E50 /* main.m in Sources */,
				557AC58C14864F4300057E50 /* AppDelegate.m in Sources */,
			);
			runOnlyForDeploymentPostprocessing = 0;
		};
/* End PBXSourcesBuildPhase section */

/* Begin PBXVariantGroup section */
		557AC58114864F4300057E50 /* InfoPlist.strings */ = {
			isa = PBXVariantGroup;
			children = (
				557AC58214864F4300057E50 /* en */,
			);
			name = InfoPlist.strings;
			sourceTree = "<group>";
		};
		557AC58714864F4300057E50 /* Credits.rtf */ = {
			isa = PBXVariantGroup;
			children = (
				557AC58814864F4300057E50 /* en */,
			);
			name = Credits.rtf;
			sourceTree = "<group>";
		};
		557AC58D14864F4300057E50 /* MainMenu.xib */ = {
			isa = PBXVariantGroup;
			children = (
				557AC58E14864F4300057E50 /* en */,
			);
			name = MainMenu.xib;
			sourceTree = "<group>";
		};
/* End PBXVariantGroup section */

/* Begin XCBuildConfiguration section */
		557AC59014864F4300057E50 /* Debug */ = {
			isa = XCBuildConfiguration;
			buildSettings = {
				ALWAYS_SEARCH_USER_PATHS = NO;
				ARCHS = "$(ARCHS_STANDARD_64_BIT)";
				COPY_PHASE_STRIP = NO;
				GCC_C_LANGUAGE_STANDARD = gnu99;
				GCC_DYNAMIC_NO_PIC = NO;
				GCC_ENABLE_OBJC_EXCEPTIONS = YES;
				GCC_OPTIMIZATION_LEVEL = 0;
				GCC_PREPROCESSOR_DEFINITIONS = (
					"DEBUG=1",
					"$(inherited)",
				);
				GCC_SYMBOLS_PRIVATE_EXTERN = NO;
				GCC_VERSION = com.apple.compilers.llvm.clang.1_0;
				GCC_WARN_64_TO_32_BIT_CONVERSION = YES;
				GCC_WARN_ABOUT_MISSING_PROTOTYPES = YES;
				GCC_WARN_ABOUT_RETURN_TYPE = YES;
				GCC_WARN_UNUSED_VARIABLE = YES;
				MACOSX_DEPLOYMENT_TARGET = 10.7;
				ONLY_ACTIVE_ARCH = YES;
				SDKROOT = macosx;
			};
			name = Debug;
		};
		557AC59114864F4300057E50 /* Release */ = {
			isa = XCBuildConfiguration;
			buildSettings = {
				ALWAYS_SEARCH_USER_PATHS = NO;
				ARCHS = "$(ARCHS_STANDARD_64_BIT)";
				COPY_PHASE_STRIP = YES;
				DEBUG_INFORMATION_FORMAT = "dwarf-with-dsym";
				GCC_C_LANGUAGE_STANDARD = gnu99;
				GCC_ENABLE_OBJC_EXCEPTIONS = YES;
				GCC_VERSION = com.apple.compilers.llvm.clang.1_0;
				GCC_WARN_64_TO_32_BIT_CONVERSION = YES;
				GCC_WARN_ABOUT_MISSING_PROTOTYPES = YES;
				GCC_WARN_ABOUT_RETURN_TYPE = YES;
				GCC_WARN_UNUSED_VARIABLE = YES;
				MACOSX_DEPLOYMENT_TARGET = 10.7;
				SDKROOT = macosx;
			};
			name = Release;
		};
		557AC59314864F4300057E50 /* Debug */ = {
			isa = XCBuildConfiguration;
			buildSettings = {
				GCC_ENABLE_OBJC_GC = required;
				GCC_PRECOMPILE_PREFIX_HEADER = YES;
				GCC_PREFIX_HEADER = "KeyValueObserving/KeyValueObserving-Prefix.pch";
				INFOPLIST_FILE = "KeyValueObserving/KeyValueObserving-Info.plist";
				PRODUCT_NAME = "$(TARGET_NAME)";
				WRAPPER_EXTENSION = app;
			};
			name = Debug;
		};
		557AC59414864F4300057E50 /* Release */ = {
			isa = XCBuildConfiguration;
			buildSettings = {
				GCC_ENABLE_OBJC_GC = required;
				GCC_PRECOMPILE_PREFIX_HEADER = YES;
				GCC_PREFIX_HEADER = "KeyValueObserving/KeyValueObserving-Prefix.pch";
				INFOPLIST_FILE = "KeyValueObserving/KeyValueObserving-Info.plist";
				PRODUCT_NAME = "$(TARGET_NAME)";
				WRAPPER_EXTENSION = app;
			};
			name = Release;
		};
/* End XCBuildConfiguration section */

/* Begin XCConfigurationList section */
		557AC56E14864F4300057E50 /* Build configuration list for PBXProject "KeyValueObserving" */ = {
			isa = XCConfigurationList;
			buildConfigurations = (
				557AC59014864F4300057E50 /* Debug */,
				557AC59114864F4300057E50 /* Release */,
			);
			defaultConfigurationIsVisible = 0;
			defaultConfigurationName = Release;
		};
		557AC59214864F4300057E50 /* Build configuration list for PBXNativeTarget "KeyValueObserving" */ = {
			isa = XCConfigurationList;
			buildConfigurations = (
				557AC59314864F4300057E50 /* Debug */,
				557AC59414864F4300057E50 /* Release */,
			);
			defaultConfigurationIsVisible = 0;
			defaultConfigurationName = Release;
		};
/* End XCConfigurationList section */
	};
	rootObject = 557AC56B14864F4300057E50 /* Project object */;
}
